
Microsoft Visual Studio Solution File, Format Version 12.00
# Visual Studio Version 16
VisualStudioVersion = 16.0.32413.511
MinimumVisualStudioVersion = 10.0.40219.1
Project("{FAE04EC0-301F-11D3-BF4B-00C04F79EFBC}") = "SILAEV_PRACT_3", "SILAEV_PRACT_3\SILAEV_PRACT_3.csproj", "{BCAB8F56-5EB2-4C2D-B9DA-F21BD7050771}"
EndProject
Global
	GlobalSection(SolutionConfigurationPlatforms) = preSolution
		Debug|Any CPU = Debug|Any CPU
		Release|Any CPU = Release|Any CPU
	EndGlobalSection
	GlobalSection(ProjectConfigurationPlatforms) = postSolution
		{BCAB8F56-5EB2-4C2D-B9DA-F21BD7050771}.Debug|Any CPU.ActiveCfg = Debug|Any CPU
		{BCAB8F56-5EB2-4C2D-B9DA-F21BD7050771}.Debug|Any CPU.Build.0 = Debug|Any CPU
		{BCAB8F56-5EB2-4C2D-B9DA-F21BD7050771}.Release|Any CPU.ActiveCfg = Release|Any CPU
		{BCAB8F56-5EB2-4C2D-B9DA-F21BD7050771}.Release|Any CPU.Build.0 = Release|Any CPU
	EndGlobalSection
	GlobalSection(SolutionProperties) = preSolution
		HideSolutionNode = FALSE
	EndGlobalSection
	GlobalSection(ExtensibilityGlobals) = postSolution
		SolutionGuid = {0A00BBDB-D2DB-45BE-B06F-BC367D79A86E}
	EndGlobalSection
EndGlobal
